
Microsoft Visual Studio Solution File, Format Version 12.00
# Visual Studio Version 17
VisualStudioVersion = 17.5.33530.505
MinimumVisualStudioVersion = 10.0.40219.1
Project("{2150E333-8FDC-42A3-9474-1A3956D46DE8}") = "Application", "Application", "{FD0FEEEC-7B2E-4631-B134-5787B3E1847A}"
EndProject
Project("{2150E333-8FDC-42A3-9474-1A3956D46DE8}") = "Domain", "Domain", "{5A4FEA9A-3ED7-4540-8FD5-281F6C50476E}"
EndProject
Project("{2150E333-8FDC-42A3-9474-1A3956D46DE8}") = "Infra.Data", "Infra.Data", "{1AEB4EDF-7650-4012-A423-62CB30876D0C}"
EndProject
Project("{2150E333-8FDC-42A3-9474-1A3956D46DE8}") = "Infra.IoC", "Infra.IoC", "{D0417837-B763-41D7-9E82-52EBB8D008B3}"
EndProject
Project("{2150E333-8FDC-42A3-9474-1A3956D46DE8}") = "Presentation", "Presentation", "{B18E343A-9518-47AF-AE52-00B92A14C29F}"
EndProject
Project("{9A19103F-16F7-4668-BE54-9A1E7A4F7556}") = "CleanArch.Mvc", "CleanArch.Mvc\CleanArch.Mvc.csproj", "{A83192BA-D5D9-4DFD-8D5A-B76DEFB318AB}"
EndProject
Project("{9A19103F-16F7-4668-BE54-9A1E7A4F7556}") = "ClearnArch.Domain", "ClearnArch.Domain\ClearnArch.Domain.csproj", "{0F2892D0-A880-46EA-B9CB-E397E605F598}"
EndProject
Project("{9A19103F-16F7-4668-BE54-9A1E7A4F7556}") = "CleanArch.Infra.Data", "CleanArch.Infra.Data\CleanArch.Infra.Data.csproj", "{94AF6388-787C-414C-AAED-14393AAD4FAF}"
EndProject
Project("{9A19103F-16F7-4668-BE54-9A1E7A4F7556}") = "CleanArch.Application", "CleanArch.Application\CleanArch.Application.csproj", "{A958C3AF-2BF5-4BF2-9091-4F9503B878AC}"
EndProject
Project("{9A19103F-16F7-4668-BE54-9A1E7A4F7556}") = "CleanArch.Infra.IoC", "CleanArch.Infra.IoC\CleanArch.Infra.IoC.csproj", "{1B92E616-9391-40BA-9F2C-889172783636}"
EndProject
Project("{2150E333-8FDC-42A3-9474-1A3956D46DE8}") = "Infra.Bus", "Infra.Bus", "{C14508CA-25DD-4422-BFB0-1DE1E1753AD5}"
EndProject
Project("{2150E333-8FDC-42A3-9474-1A3956D46DE8}") = "API", "API", "{88BC177B-154A-49AB-9E55-708FD83ED016}"
EndProject
Project("{FAE04EC0-301F-11D3-BF4B-00C04F79EFBC}") = "CleanArch.Infra.Bus", "CleanArch.Infra.Bus\CleanArch.Infra.Bus.csproj", "{7F469379-34E7-4687-861B-4BC2B22246CD}"
EndProject
Project("{FAE04EC0-301F-11D3-BF4B-00C04F79EFBC}") = "CleanArch.Domain.Core", "CleanArch.Domain.Core\CleanArch.Domain.Core.csproj", "{7FFFB24F-772A-4B96-916E-DAF49CD5E720}"
EndProject
Project("{FAE04EC0-301F-11D3-BF4B-00C04F79EFBC}") = "CleanArch.API", "CleanArch.API\CleanArch.API.csproj", "{033021D5-90A1-48E5-AA3B-61EAD58779DD}"
EndProject
Global
	GlobalSection(SolutionConfigurationPlatforms) = preSolution
		Debug|Any CPU = Debug|Any CPU
		Release|Any CPU = Release|Any CPU
	EndGlobalSection
	GlobalSection(ProjectConfigurationPlatforms) = postSolution
		{A83192BA-D5D9-4DFD-8D5A-B76DEFB318AB}.Debug|Any CPU.ActiveCfg = Debug|Any CPU
		{A83192BA-D5D9-4DFD-8D5A-B76DEFB318AB}.Debug|Any CPU.Build.0 = Debug|Any CPU
		{A83192BA-D5D9-4DFD-8D5A-B76DEFB318AB}.Release|Any CPU.ActiveCfg = Release|Any CPU
		{A83192BA-D5D9-4DFD-8D5A-B76DEFB318AB}.Release|Any CPU.Build.0 = Release|Any CPU
		{0F2892D0-A880-46EA-B9CB-E397E605F598}.Debug|Any CPU.ActiveCfg = Debug|Any CPU
		{0F2892D0-A880-46EA-B9CB-E397E605F598}.Debug|Any CPU.Build.0 = Debug|Any CPU
		{0F2892D0-A880-46EA-B9CB-E397E605F598}.Release|Any CPU.ActiveCfg = Release|Any CPU
		{0F2892D0-A880-46EA-B9CB-E397E605F598}.Release|Any CPU.Build.0 = Release|Any CPU
		{94AF6388-787C-414C-AAED-14393AAD4FAF}.Debug|Any CPU.ActiveCfg = Debug|Any CPU
		{94AF6388-787C-414C-AAED-14393AAD4FAF}.Debug|Any CPU.Build.0 = Debug|Any CPU
		{94AF6388-787C-414C-AAED-14393AAD4FAF}.Release|Any CPU.ActiveCfg = Release|Any CPU
		{94AF6388-787C-414C-AAED-14393AAD4FAF}.Release|Any CPU.Build.0 = Release|Any CPU
		{A958C3AF-2BF5-4BF2-9091-4F9503B878AC}.Debug|Any CPU.ActiveCfg = Debug|Any CPU
		{A958C3AF-2BF5-4BF2-9091-4F9503B878AC}.Debug|Any CPU.Build.0 = Debug|Any CPU
		{A958C3AF-2BF5-4BF2-9091-4F9503B878AC}.Release|Any CPU.ActiveCfg = Release|Any CPU
		{A958C3AF-2BF5-4BF2-9091-4F9503B878AC}.Release|Any CPU.Build.0 = Release|Any CPU
		{1B92E616-9391-40BA-9F2C-889172783636}.Debug|Any CPU.ActiveCfg = Debug|Any CPU
		{1B92E616-9391-40BA-9F2C-889172783636}.Debug|Any CPU.Build.0 = Debug|Any CPU
		{1B92E616-9391-40BA-9F2C-889172783636}.Release|Any CPU.ActiveCfg = Release|Any CPU
		{1B92E616-9391-40BA-9F2C-889172783636}.Release|Any CPU.Build.0 = Release|Any CPU
		{7F469379-34E7-4687-861B-4BC2B22246CD}.Debug|Any CPU.ActiveCfg = Debug|Any CPU
		{7F469379-34E7-4687-861B-4BC2B22246CD}.Debug|Any CPU.Build.0 = Debug|Any CPU
		{7F469379-34E7-4687-861B-4BC2B22246CD}.Release|Any CPU.ActiveCfg = Release|Any CPU
		{7F469379-34E7-4687-861B-4BC2B22246CD}.Release|Any CPU.Build.0 = Release|Any CPU
		{7FFFB24F-772A-4B96-916E-DAF49CD5E720}.Debug|Any CPU.ActiveCfg = Debug|Any CPU
		{7FFFB24F-772A-4B96-916E-DAF49CD5E720}.Debug|Any CPU.Build.0 = Debug|Any CPU
		{7FFFB24F-772A-4B96-916E-DAF49CD5E720}.Release|Any CPU.ActiveCfg = Release|Any CPU
		{7FFFB24F-772A-4B96-916E-DAF49CD5E720}.Release|Any CPU.Build.0 = Release|Any CPU
		{033021D5-90A1-48E5-AA3B-61EAD58779DD}.Debug|Any CPU.ActiveCfg = Debug|Any CPU
		{033021D5-90A1-48E5-AA3B-61EAD58779DD}.Debug|Any CPU.Build.0 = Debug|Any CPU
		{033021D5-90A1-48E5-AA3B-61EAD58779DD}.Release|Any CPU.ActiveCfg = Release|Any CPU
		{033021D5-90A1-48E5-AA3B-61EAD58779DD}.Release|Any CPU.Build.0 = Release|Any CPU
	EndGlobalSection
	GlobalSection(SolutionProperties) = preSolution
		HideSolutionNode = FALSE
	EndGlobalSection
	GlobalSection(NestedProjects) = preSolution
		{A83192BA-D5D9-4DFD-8D5A-B76DEFB318AB} = {B18E343A-9518-47AF-AE52-00B92A14C29F}
		{0F2892D0-A880-46EA-B9CB-E397E605F598} = {5A4FEA9A-3ED7-4540-8FD5-281F6C50476E}
		{94AF6388-787C-414C-AAED-14393AAD4FAF} = {1AEB4EDF-7650-4012-A423-62CB30876D0C}
		{A958C3AF-2BF5-4BF2-9091-4F9503B878AC} = {FD0FEEEC-7B2E-4631-B134-5787B3E1847A}
		{1B92E616-9391-40BA-9F2C-889172783636} = {D0417837-B763-41D7-9E82-52EBB8D008B3}
		{7F469379-34E7-4687-861B-4BC2B22246CD} = {C14508CA-25DD-4422-BFB0-1DE1E1753AD5}
		{7FFFB24F-772A-4B96-916E-DAF49CD5E720} = {5A4FEA9A-3ED7-4540-8FD5-281F6C50476E}
		{033021D5-90A1-48E5-AA3B-61EAD58779DD} = {88BC177B-154A-49AB-9E55-708FD83ED016}
	EndGlobalSection
	GlobalSection(ExtensibilityGlobals) = postSolution
		SolutionGuid = {834E5578-D02B-4757-AC50-6F56968B098E}
	EndGlobalSection
EndGlobal
